
Microsoft Visual Studio Solution File, Format Version 12.00
# Visual Studio Version 17
VisualStudioVersion = 17.6.33723.286
MinimumVisualStudioVersion = 10.0.40219.1
Project("{9A19103F-16F7-4668-BE54-9A1E7A4F7556}") = "surveyBackend", "surveyBackend\surveyBackend.csproj", "{62700FDB-9C7E-4B5A-BA56-BC92AA55E410}"
EndProject
Project("{FAE04EC0-301F-11D3-BF4B-00C04F79EFBC}") = "surveyBackendAPI", "surveyBackendAPI\surveyBackendAPI.csproj", "{1D1D1ED2-62AD-40B2-9116-C2FF4C25CAA0}"
EndProject
Global
	GlobalSection(SolutionConfigurationPlatforms) = preSolution
		Debug|Any CPU = Debug|Any CPU
		Release|Any CPU = Release|Any CPU
	EndGlobalSection
	GlobalSection(ProjectConfigurationPlatforms) = postSolution
		{62700FDB-9C7E-4B5A-BA56-BC92AA55E410}.Debug|Any CPU.ActiveCfg = Debug|Any CPU
		{62700FDB-9C7E-4B5A-BA56-BC92AA55E410}.Debug|Any CPU.Build.0 = Debug|Any CPU
		{62700FDB-9C7E-4B5A-BA56-BC92AA55E410}.Release|Any CPU.ActiveCfg = Release|Any CPU
		{62700FDB-9C7E-4B5A-BA56-BC92AA55E410}.Release|Any CPU.Build.0 = Release|Any CPU
		{1D1D1ED2-62AD-40B2-9116-C2FF4C25CAA0}.Debug|Any CPU.ActiveCfg = Debug|Any CPU
		{1D1D1ED2-62AD-40B2-9116-C2FF4C25CAA0}.Debug|Any CPU.Build.0 = Debug|Any CPU
		{1D1D1ED2-62AD-40B2-9116-C2FF4C25CAA0}.Release|Any CPU.ActiveCfg = Release|Any CPU
		{1D1D1ED2-62AD-40B2-9116-C2FF4C25CAA0}.Release|Any CPU.Build.0 = Release|Any CPU
	EndGlobalSection
	GlobalSection(SolutionProperties) = preSolution
		HideSolutionNode = FALSE
	EndGlobalSection
	GlobalSection(ExtensibilityGlobals) = postSolution
		SolutionGuid = {6C14E217-D775-472E-B88D-1BC511681317}
	EndGlobalSection
EndGlobal
